<?xml version="1.0" encoding="utf-8"?>
<Project ToolsVersion="4.0" xmlns="http://schemas.microsoft.com/developer/msbuild/2003">
  <ItemGroup>
    <Filter Include="Source Files">
      <UniqueIdentifier>{4FC737F1-C7A5-4376-A066-2A32D752A2FF}</UniqueIdentifier>
      <Extensions>cpp;c;cc;cxx;def;odl;idl;hpj;bat;asm;asmx</Extensions>
    </Filter>
    <Filter Include="Header Files">
      <UniqueIdentifier>{93995380-89BD-4b04-88EB-625FBE52EBFB}</UniqueIdentifier>
      <Extensions>h;hpp;hxx;hm;inl;inc;xsd</Extensions>
    </Filter>
    <Filter Include="Resource Files">
      <UniqueIdentifier>{67DA6AB6-F800-4c08-8B7A-83BB121AAD01}</UniqueIdentifier>
      <Extensions>rc;ico;cur;bmp;dlg;rc2;rct;bin;rgs;gif;jpg;jpeg;jpe;resx;tiff;tif;png;wav;mfcribbon-ms</Extensions>
    </Filter>
    <Filter Include="taglib">
      <UniqueIdentifier>{9b955594-b9f9-449d-9b8e-71967cff353b}</UniqueIdentifier>
    </Filter>
    <Filter Include="Rainmeter">
      <UniqueIdentifier>{f85f0b68-9143-4718-b84c-8a239cea98a1}</UniqueIdentifier>
    </Filter>
    <Filter Include="Rainmeter\PluginNowPlaying">
      <UniqueIdentifier>{327e4684-b89f-44c3-8733-d59177acccda}</UniqueIdentifier>
    </Filter>
  </ItemGroup>
  <ItemGroup>
    <ClCompile Include="taglib\ape\apefile.cpp">
      <Filter>taglib</Filter>
    </ClCompile>
    <ClCompile Include="taglib\ape\apefooter.cpp">
      <Filter>taglib</Filter>
    </ClCompile>
    <ClCompile Include="taglib\ape\apeitem.cpp">
      <Filter>taglib</Filter>
    </ClCompile>
    <ClCompile Include="taglib\ape\apeproperties.cpp">
      <Filter>taglib</Filter>
    </ClCompile>
    <ClCompile Include="taglib\ape\apetag.cpp">
      <Filter>taglib</Filter>
    </ClCompile>
    <ClCompile Include="taglib\asf\asfattribute.cpp">
      <Filter>taglib</Filter>
    </ClCompile>
    <ClCompile Include="taglib\asf\asffile.cpp">
      <Filter>taglib</Filter>
    </ClCompile>
    <ClCompile Include="taglib\asf\asfpicture.cpp">
      <Filter>taglib</Filter>
    </ClCompile>
    <ClCompile Include="taglib\asf\asfproperties.cpp">
      <Filter>taglib</Filter>
    </ClCompile>
    <ClCompile Include="taglib\asf\asftag.cpp">
      <Filter>taglib</Filter>
    </ClCompile>
    <ClCompile Include="taglib\mpeg\id3v2\frames\attachedpictureframe.cpp">
      <Filter>taglib</Filter>
    </ClCompile>
    <ClCompile Include="taglib\audioproperties.cpp">
      <Filter>taglib</Filter>
    </ClCompile>
    <ClCompile Include="taglib\mpeg\id3v2\frames\commentsframe.cpp">
      <Filter>taglib</Filter>
    </ClCompile>
    <ClCompile Include="taglib\fileref.cpp">
      <Filter>taglib</Filter>
    </ClCompile>
    <ClCompile Include="taglib\flac\flacfile.cpp">
      <Filter>taglib</Filter>
    </ClCompile>
    <ClCompile Include="taglib\flac\flacmetadatablock.cpp">
      <Filter>taglib</Filter>
    </ClCompile>
    <ClCompile Include="taglib\flac\flacpicture.cpp">
      <Filter>taglib</Filter>
    </ClCompile>
    <ClCompile Include="taglib\flac\flacproperties.cpp">
      <Filter>taglib</Filter>
    </ClCompile>
    <ClCompile Include="taglib\flac\flacunknownmetadatablock.cpp">
      <Filter>taglib</Filter>
    </ClCompile>
    <ClCompile Include="taglib\mpeg\id3v2\frames\generalencapsulatedobjectframe.cpp">
      <Filter>taglib</Filter>
    </ClCompile>
    <ClCompile Include="taglib\mpeg\id3v1\id3v1genres.cpp">
      <Filter>taglib</Filter>
    </ClCompile>
    <ClCompile Include="taglib\mpeg\id3v1\id3v1tag.cpp">
      <Filter>taglib</Filter>
    </ClCompile>
    <ClCompile Include="taglib\mpeg\id3v2\id3v2extendedheader.cpp">
      <Filter>taglib</Filter>
    </ClCompile>
    <ClCompile Include="taglib\mpeg\id3v2\id3v2footer.cpp">
      <Filter>taglib</Filter>
    </ClCompile>
    <ClCompile Include="taglib\mpeg\id3v2\id3v2frame.cpp">
      <Filter>taglib</Filter>
    </ClCompile>
    <ClCompile Include="taglib\mpeg\id3v2\id3v2framefactory.cpp">
      <Filter>taglib</Filter>
    </ClCompile>
    <ClCompile Include="taglib\mpeg\id3v2\id3v2header.cpp">
      <Filter>taglib</Filter>
    </ClCompile>
    <ClCompile Include="taglib\mpeg\id3v2\id3v2synchdata.cpp">
      <Filter>taglib</Filter>
    </ClCompile>
    <ClCompile Include="taglib\mpeg\id3v2\id3v2tag.cpp">
      <Filter>taglib</Filter>
    </ClCompile>
    <ClCompile Include="taglib\mp4\mp4atom.cpp">
      <Filter>taglib</Filter>
    </ClCompile>
    <ClCompile Include="taglib\mp4\mp4coverart.cpp">
      <Filter>taglib</Filter>
    </ClCompile>
    <ClCompile Include="taglib\mp4\mp4file.cpp">
      <Filter>taglib</Filter>
    </ClCompile>
    <ClCompile Include="taglib\mp4\mp4item.cpp">
      <Filter>taglib</Filter>
    </ClCompile>
    <ClCompile Include="taglib\mp4\mp4properties.cpp">
      <Filter>taglib</Filter>
    </ClCompile>
    <ClCompile Include="taglib\mp4\mp4tag.cpp">
      <Filter>taglib</Filter>
    </ClCompile>
    <ClCompile Include="taglib\mpc\mpcfile.cpp">
      <Filter>taglib</Filter>
    </ClCompile>
    <ClCompile Include="taglib\mpc\mpcproperties.cpp">
      <Filter>taglib</Filter>
    </ClCompile>
    <ClCompile Include="taglib\mpeg\mpegfile.cpp">
      <Filter>taglib</Filter>
    </ClCompile>
    <ClCompile Include="taglib\mpeg\mpegheader.cpp">
      <Filter>taglib</Filter>
    </ClCompile>
    <ClCompile Include="taglib\mpeg\mpegproperties.cpp">
      <Filter>taglib</Filter>
    </ClCompile>
    <ClCompile Include="taglib\ogg\oggfile.cpp">
      <Filter>taglib</Filter>
    </ClCompile>
    <ClCompile Include="taglib\ogg\flac\oggflacfile.cpp">
      <Filter>taglib</Filter>
    </ClCompile>
    <ClCompile Include="taglib\ogg\oggpage.cpp">
      <Filter>taglib</Filter>
    </ClCompile>
    <ClCompile Include="taglib\ogg\oggpageheader.cpp">
      <Filter>taglib</Filter>
    </ClCompile>
    <ClCompile Include="taglib\mpeg\id3v2\frames\ownershipframe.cpp">
      <Filter>taglib</Filter>
    </ClCompile>
    <ClCompile Include="taglib\mpeg\id3v2\frames\popularimeterframe.cpp">
      <Filter>taglib</Filter>
    </ClCompile>
    <ClCompile Include="taglib\mpeg\id3v2\frames\privateframe.cpp">
      <Filter>taglib</Filter>
    </ClCompile>
    <ClCompile Include="taglib\mpeg\id3v2\frames\relativevolumeframe.cpp">
      <Filter>taglib</Filter>
    </ClCompile>
    <ClCompile Include="taglib\ogg\speex\speexfile.cpp">
      <Filter>taglib</Filter>
    </ClCompile>
    <ClCompile Include="taglib\ogg\speex\speexproperties.cpp">
      <Filter>taglib</Filter>
    </ClCompile>
    <ClCompile Include="taglib\tag.cpp">
      <Filter>taglib</Filter>
    </ClCompile>
    <ClCompile Include="taglib\tagunion.cpp">
      <Filter>taglib</Filter>
    </ClCompile>
    <ClCompile Include="taglib\toolkit\tbytevector.cpp">
      <Filter>taglib</Filter>
    </ClCompile>
    <ClCompile Include="taglib\toolkit\tbytevectorlist.cpp">
      <Filter>taglib</Filter>
    </ClCompile>
    <ClCompile Include="taglib\toolkit\tbytevectorstream.cpp">
      <Filter>taglib</Filter>
    </ClCompile>
    <ClCompile Include="taglib\toolkit\tdebug.cpp">
      <Filter>taglib</Filter>
    </ClCompile>
    <ClCompile Include="taglib\toolkit\tdebuglistener.cpp">
      <Filter>taglib</Filter>
    </ClCompile>
    <ClCompile Include="taglib\mpeg\id3v2\frames\textidentificationframe.cpp">
      <Filter>taglib</Filter>
    </ClCompile>
    <ClCompile Include="taglib\toolkit\tfile.cpp">
      <Filter>taglib</Filter>
    </ClCompile>
    <ClCompile Include="taglib\toolkit\tfilestream.cpp">
      <Filter>taglib</Filter>
    </ClCompile>
    <ClCompile Include="taglib\toolkit\tiostream.cpp">
      <Filter>taglib</Filter>
    </ClCompile>
    <ClCompile Include="taglib\toolkit\tpropertymap.cpp">
      <Filter>taglib</Filter>
    </ClCompile>
    <ClCompile Include="taglib\toolkit\trefcounter.cpp">
      <Filter>taglib</Filter>
    </ClCompile>
    <ClCompile Include="taglib\toolkit\tstring.cpp">
      <Filter>taglib</Filter>
    </ClCompile>
    <ClCompile Include="taglib\toolkit\tstringlist.cpp">
      <Filter>taglib</Filter>
    </ClCompile>
    <ClCompile Include="taglib\toolkit\unicode.cpp">
      <Filter>taglib</Filter>
    </ClCompile>
    <ClCompile Include="taglib\mpeg\id3v2\frames\uniquefileidentifierframe.cpp">
      <Filter>taglib</Filter>
    </ClCompile>
    <ClCompile Include="taglib\mpeg\id3v2\frames\unknownframe.cpp">
      <Filter>taglib</Filter>
    </ClCompile>
    <ClCompile Include="taglib\mpeg\id3v2\frames\unsynchronizedlyricsframe.cpp">
      <Filter>taglib</Filter>
    </ClCompile>
    <ClCompile Include="taglib\mpeg\id3v2\frames\urllinkframe.cpp">
      <Filter>taglib</Filter>
    </ClCompile>
    <ClCompile Include="taglib\ogg\vorbis\vorbisfile.cpp">
      <Filter>taglib</Filter>
    </ClCompile>
    <ClCompile Include="taglib\ogg\vorbis\vorbisproperties.cpp">
      <Filter>taglib</Filter>
    </ClCompile>
    <ClCompile Include="taglib\mpeg\xingheader.cpp">
      <Filter>taglib</Filter>
    </ClCompile>
    <ClCompile Include="taglib\ogg\xiphcomment.cpp">
      <Filter>taglib</Filter>
    </ClCompile>
    <ClCompile Include="Plugin.cpp">
      <Filter>Source Files</Filter>
    </ClCompile>
    <ClCompile Include="Rainmeter\PluginNowPlaying\Cover.cpp">
      <Filter>Rainmeter\PluginNowPlaying</Filter>
    </ClCompile>
    <ClCompile Include="Rainmeter\PluginNowPlaying\StdAfx.cpp">
      <Filter>Rainmeter\PluginNowPlaying</Filter>
    </ClCompile>
    <ClCompile Include="PlusCover.cpp">
      <Filter>Source Files</Filter>
    </ClCompile>
  </ItemGroup>
  <ItemGroup>
    <ClInclude Include="taglib\ape\apefile.h">
      <Filter>taglib</Filter>
    </ClInclude>
    <ClInclude Include="taglib\ape\apefooter.h">
      <Filter>taglib</Filter>
    </ClInclude>
    <ClInclude Include="taglib\ape\apeitem.h">
      <Filter>taglib</Filter>
    </ClInclude>
    <ClInclude Include="taglib\ape\apeproperties.h">
      <Filter>taglib</Filter>
    </ClInclude>
    <ClInclude Include="taglib\ape\apetag.h">
      <Filter>taglib</Filter>
    </ClInclude>
    <ClInclude Include="taglib\asf\asfattribute.h">
      <Filter>taglib</Filter>
    </ClInclude>
    <ClInclude Include="taglib\asf\asffile.h">
      <Filter>taglib</Filter>
    </ClInclude>
    <ClInclude Include="taglib\asf\asfpicture.h">
      <Filter>taglib</Filter>
    </ClInclude>
    <ClInclude Include="taglib\asf\asfproperties.h">
      <Filter>taglib</Filter>
    </ClInclude>
    <ClInclude Include="taglib\asf\asftag.h">
      <Filter>taglib</Filter>
    </ClInclude>
    <ClInclude Include="taglib\mpeg\id3v2\frames\attachedpictureframe.h">
      <Filter>taglib</Filter>
    </ClInclude>
    <ClInclude Include="taglib\audioproperties.h">
      <Filter>taglib</Filter>
    </ClInclude>
    <ClInclude Include="taglib\mpeg\id3v2\frames\commentsframe.h">
      <Filter>taglib</Filter>
    </ClInclude>
    <ClInclude Include="taglib\fileref.h">
      <Filter>taglib</Filter>
    </ClInclude>
    <ClInclude Include="taglib\flac\flacfile.h">
      <Filter>taglib</Filter>
    </ClInclude>
    <ClInclude Include="taglib\flac\flacmetadatablock.h">
      <Filter>taglib</Filter>
    </ClInclude>
    <ClInclude Include="taglib\flac\flacpicture.h">
      <Filter>taglib</Filter>
    </ClInclude>
    <ClInclude Include="taglib\flac\flacproperties.h">
      <Filter>taglib</Filter>
    </ClInclude>
    <ClInclude Include="taglib\flac\flacunknownmetadatablock.h">
      <Filter>taglib</Filter>
    </ClInclude>
    <ClInclude Include="taglib\mpeg\id3v2\frames\generalencapsulatedobjectframe.h">
      <Filter>taglib</Filter>
    </ClInclude>
    <ClInclude Include="taglib\mpeg\id3v1\id3v1genres.h">
      <Filter>taglib</Filter>
    </ClInclude>
    <ClInclude Include="taglib\mpeg\id3v1\id3v1tag.h">
      <Filter>taglib</Filter>
    </ClInclude>
    <ClInclude Include="taglib\mpeg\id3v2\id3v2extendedheader.h">
      <Filter>taglib</Filter>
    </ClInclude>
    <ClInclude Include="taglib\mpeg\id3v2\id3v2footer.h">
      <Filter>taglib</Filter>
    </ClInclude>
    <ClInclude Include="taglib\mpeg\id3v2\id3v2frame.h">
      <Filter>taglib</Filter>
    </ClInclude>
    <ClInclude Include="taglib\mpeg\id3v2\id3v2framefactory.h">
      <Filter>taglib</Filter>
    </ClInclude>
    <ClInclude Include="taglib\mpeg\id3v2\id3v2header.h">
      <Filter>taglib</Filter>
    </ClInclude>
    <ClInclude Include="taglib\mpeg\id3v2\id3v2synchdata.h">
      <Filter>taglib</Filter>
    </ClInclude>
    <ClInclude Include="taglib\mpeg\id3v2\id3v2tag.h">
      <Filter>taglib</Filter>
    </ClInclude>
    <ClInclude Include="taglib\mp4\mp4atom.h">
      <Filter>taglib</Filter>
    </ClInclude>
    <ClInclude Include="taglib\mp4\mp4coverart.h">
      <Filter>taglib</Filter>
    </ClInclude>
    <ClInclude Include="taglib\mp4\mp4file.h">
      <Filter>taglib</Filter>
    </ClInclude>
    <ClInclude Include="taglib\mp4\mp4item.h">
      <Filter>taglib</Filter>
    </ClInclude>
    <ClInclude Include="taglib\mp4\mp4properties.h">
      <Filter>taglib</Filter>
    </ClInclude>
    <ClInclude Include="taglib\mp4\mp4tag.h">
      <Filter>taglib</Filter>
    </ClInclude>
    <ClInclude Include="taglib\mpc\mpcfile.h">
      <Filter>taglib</Filter>
    </ClInclude>
    <ClInclude Include="taglib\mpc\mpcproperties.h">
      <Filter>taglib</Filter>
    </ClInclude>
    <ClInclude Include="taglib\mpeg\mpegfile.h">
      <Filter>taglib</Filter>
    </ClInclude>
    <ClInclude Include="taglib\mpeg\mpegheader.h">
      <Filter>taglib</Filter>
    </ClInclude>
    <ClInclude Include="taglib\mpeg\mpegproperties.h">
      <Filter>taglib</Filter>
    </ClInclude>
    <ClInclude Include="taglib\ogg\oggfile.h">
      <Filter>taglib</Filter>
    </ClInclude>
    <ClInclude Include="taglib\ogg\flac\oggflacfile.h">
      <Filter>taglib</Filter>
    </ClInclude>
    <ClInclude Include="taglib\ogg\oggpage.h">
      <Filter>taglib</Filter>
    </ClInclude>
    <ClInclude Include="taglib\ogg\oggpageheader.h">
      <Filter>taglib</Filter>
    </ClInclude>
    <ClInclude Include="taglib\mpeg\id3v2\frames\ownershipframe.h">
      <Filter>taglib</Filter>
    </ClInclude>
    <ClInclude Include="taglib\mpeg\id3v2\frames\popularimeterframe.h">
      <Filter>taglib</Filter>
    </ClInclude>
    <ClInclude Include="taglib\mpeg\id3v2\frames\privateframe.h">
      <Filter>taglib</Filter>
    </ClInclude>
    <ClInclude Include="taglib\mpeg\id3v2\frames\relativevolumeframe.h">
      <Filter>taglib</Filter>
    </ClInclude>
    <ClInclude Include="taglib\ogg\speex\speexfile.h">
      <Filter>taglib</Filter>
    </ClInclude>
    <ClInclude Include="taglib\ogg\speex\speexproperties.h">
      <Filter>taglib</Filter>
    </ClInclude>
    <ClInclude Include="taglib\tag.h">
      <Filter>taglib</Filter>
    </ClInclude>
    <ClInclude Include="taglib\toolkit\taglib.h">
      <Filter>taglib</Filter>
    </ClInclude>
    <ClInclude Include="taglib\taglib_config.h">
      <Filter>taglib</Filter>
    </ClInclude>
    <ClInclude Include="taglib\taglib_export.h">
      <Filter>taglib</Filter>
    </ClInclude>
    <ClInclude Include="taglib\tagunion.h">
      <Filter>taglib</Filter>
    </ClInclude>
    <ClInclude Include="taglib\toolkit\tbytevector.h">
      <Filter>taglib</Filter>
    </ClInclude>
    <ClInclude Include="taglib\toolkit\tbytevectorlist.h">
      <Filter>taglib</Filter>
    </ClInclude>
    <ClInclude Include="taglib\toolkit\tbytevectorstream.h">
      <Filter>taglib</Filter>
    </ClInclude>
    <ClInclude Include="taglib\toolkit\tdebug.h">
      <Filter>taglib</Filter>
    </ClInclude>
    <ClInclude Include="taglib\toolkit\tdebuglistener.h">
      <Filter>taglib</Filter>
    </ClInclude>
    <ClInclude Include="taglib\mpeg\id3v2\frames\textidentificationframe.h">
      <Filter>taglib</Filter>
    </ClInclude>
    <ClInclude Include="taglib\toolkit\tfile.h">
      <Filter>taglib</Filter>
    </ClInclude>
    <ClInclude Include="taglib\toolkit\tfilestream.h">
      <Filter>taglib</Filter>
    </ClInclude>
    <ClInclude Include="taglib\toolkit\tiostream.h">
      <Filter>taglib</Filter>
    </ClInclude>
    <ClInclude Include="taglib\toolkit\tlist.h">
      <Filter>taglib</Filter>
    </ClInclude>
    <ClInclude Include="taglib\toolkit\tmap.h">
      <Filter>taglib</Filter>
    </ClInclude>
    <ClInclude Include="taglib\toolkit\tpropertymap.h">
      <Filter>taglib</Filter>
    </ClInclude>
    <ClInclude Include="taglib\toolkit\trefcounter.h">
      <Filter>taglib</Filter>
    </ClInclude>
    <ClInclude Include="taglib\toolkit\tstring.h">
      <Filter>taglib</Filter>
    </ClInclude>
    <ClInclude Include="taglib\toolkit\tstringlist.h">
      <Filter>taglib</Filter>
    </ClInclude>
    <ClInclude Include="taglib\toolkit\tutils.h">
      <Filter>taglib</Filter>
    </ClInclude>
    <ClInclude Include="taglib\toolkit\unicode.h">
      <Filter>taglib</Filter>
    </ClInclude>
    <ClInclude Include="taglib\mpeg\id3v2\frames\uniquefileidentifierframe.h">
      <Filter>taglib</Filter>
    </ClInclude>
    <ClInclude Include="taglib\mpeg\id3v2\frames\unknownframe.h">
      <Filter>taglib</Filter>
    </ClInclude>
    <ClInclude Include="taglib\mpeg\id3v2\frames\unsynchronizedlyricsframe.h">
      <Filter>taglib</Filter>
    </ClInclude>
    <ClInclude Include="taglib\mpeg\id3v2\frames\urllinkframe.h">
      <Filter>taglib</Filter>
    </ClInclude>
    <ClInclude Include="taglib\ogg\vorbis\vorbisfile.h">
      <Filter>taglib</Filter>
    </ClInclude>
    <ClInclude Include="taglib\ogg\vorbis\vorbisproperties.h">
      <Filter>taglib</Filter>
    </ClInclude>
    <ClInclude Include="taglib\mpeg\xingheader.h">
      <Filter>taglib</Filter>
    </ClInclude>
    <ClInclude Include="taglib\ogg\xiphcomment.h">
      <Filter>taglib</Filter>
    </ClInclude>
    <ClInclude Include="cad_sdk.h">
      <Filter>Header Files</Filter>
    </ClInclude>
    <ClInclude Include="Plugin.h">
      <Filter>Header Files</Filter>
    </ClInclude>
    <ClInclude Include="PlusMsg.h">
      <Filter>Header Files</Filter>
    </ClInclude>
    <ClInclude Include="Rainmeter\PluginNowPlaying\Cover.h">
      <Filter>Rainmeter\PluginNowPlaying</Filter>
    </ClInclude>
    <ClInclude Include="Rainmeter\PluginNowPlaying\StdAfx.h">
      <Filter>Rainmeter\PluginNowPlaying</Filter>
    </ClInclude>
    <ClInclude Include="PlusCover.h">
      <Filter>Header Files</Filter>
    </ClInclude>
  </ItemGroup>
  <ItemGroup>
    <ResourceCompile Include="Plugin.rc">
      <Filter>Resource Files</Filter>
    </ResourceCompile>
  </ItemGroup>
</Project>